
Microsoft Visual Studio Solution File, Format Version 12.00
# Visual Studio Version 16
VisualStudioVersion = 16.0.30104.148
MinimumVisualStudioVersion = 10.0.40219.1
Project("{FAE04EC0-301F-11D3-BF4B-00C04F79EFBC}") = "Scope", "Scope.csproj", "{96223EF1-3F24-4658-82B8-CA035CA25389}"
EndProject
Global
	GlobalSection(SolutionConfigurationPlatforms) = preSolution
		Debug|Any CPU = Debug|Any CPU
		Release|Any CPU = Release|Any CPU
	EndGlobalSection
	GlobalSection(ProjectConfigurationPlatforms) = postSolution
		{96223EF1-3F24-4658-82B8-CA035CA25389}.Debug|Any CPU.ActiveCfg = Debug|Any CPU
		{96223EF1-3F24-4658-82B8-CA035CA25389}.Debug|Any CPU.Build.0 = Debug|Any CPU
		{96223EF1-3F24-4658-82B8-CA035CA25389}.Release|Any CPU.ActiveCfg = Release|Any CPU
		{96223EF1-3F24-4658-82B8-CA035CA25389}.Release|Any CPU.Build.0 = Release|Any CPU
	EndGlobalSection
	GlobalSection(SolutionProperties) = preSolution
		HideSolutionNode = FALSE
	EndGlobalSection
	GlobalSection(ExtensibilityGlobals) = postSolution
		SolutionGuid = {C0028F53-95B4-425F-97EE-450FF89CA8A1}
	EndGlobalSection
EndGlobal
