
Microsoft Visual Studio Solution File, Format Version 12.00
# Visual Studio Version 16
VisualStudioVersion = 16.0.30104.148
MinimumVisualStudioVersion = 10.0.40219.1
Project("{FAE04EC0-301F-11D3-BF4B-00C04F79EFBC}") = "ColorList", "ColorList.csproj", "{0D943E12-6553-4838-A110-90E6E068CBBC}"
EndProject
Global
	GlobalSection(SolutionConfigurationPlatforms) = preSolution
		Debug|Any CPU = Debug|Any CPU
		Release|Any CPU = Release|Any CPU
	EndGlobalSection
	GlobalSection(ProjectConfigurationPlatforms) = postSolution
		{0D943E12-6553-4838-A110-90E6E068CBBC}.Debug|Any CPU.ActiveCfg = Debug|Any CPU
		{0D943E12-6553-4838-A110-90E6E068CBBC}.Debug|Any CPU.Build.0 = Debug|Any CPU
		{0D943E12-6553-4838-A110-90E6E068CBBC}.Release|Any CPU.ActiveCfg = Release|Any CPU
		{0D943E12-6553-4838-A110-90E6E068CBBC}.Release|Any CPU.Build.0 = Release|Any CPU
	EndGlobalSection
	GlobalSection(SolutionProperties) = preSolution
		HideSolutionNode = FALSE
	EndGlobalSection
	GlobalSection(ExtensibilityGlobals) = postSolution
		SolutionGuid = {1F918E17-BBF7-432E-8D78-86B3D26F8331}
	EndGlobalSection
EndGlobal
