
Microsoft Visual Studio Solution File, Format Version 12.00
# Visual Studio Version 16
VisualStudioVersion = 16.0.30002.166
MinimumVisualStudioVersion = 10.0.40219.1
Project("{FAE04EC0-301F-11D3-BF4B-00C04F79EFBC}") = "Inheritance", "..\..\JeremyGrub\Module9\OOP-Inheritance\Inheritance\Inheritance\Inheritance.csproj", "{EA4DC5D1-A9CB-4187-8CDD-95B371C560E8}"
EndProject
Global
	GlobalSection(SolutionConfigurationPlatforms) = preSolution
		Debug|Any CPU = Debug|Any CPU
		Release|Any CPU = Release|Any CPU
	EndGlobalSection
	GlobalSection(ProjectConfigurationPlatforms) = postSolution
		{EA4DC5D1-A9CB-4187-8CDD-95B371C560E8}.Debug|Any CPU.ActiveCfg = Debug|Any CPU
		{EA4DC5D1-A9CB-4187-8CDD-95B371C560E8}.Debug|Any CPU.Build.0 = Debug|Any CPU
		{EA4DC5D1-A9CB-4187-8CDD-95B371C560E8}.Release|Any CPU.ActiveCfg = Release|Any CPU
		{EA4DC5D1-A9CB-4187-8CDD-95B371C560E8}.Release|Any CPU.Build.0 = Release|Any CPU
	EndGlobalSection
	GlobalSection(SolutionProperties) = preSolution
		HideSolutionNode = FALSE
	EndGlobalSection
	GlobalSection(ExtensibilityGlobals) = postSolution
		SolutionGuid = {65E4ADC2-AD1B-4EAD-B683-D78D22A025F4}
	EndGlobalSection
EndGlobal
