
Microsoft Visual Studio Solution File, Format Version 12.00
# Visual Studio Version 16
VisualStudioVersion = 16.0.30104.148
MinimumVisualStudioVersion = 10.0.40219.1
Project("{FAE04EC0-301F-11D3-BF4B-00C04F79EFBC}") = "Swap", "Swap\Swap.csproj", "{F0F4D5CD-7167-49B2-B86E-D8C1361629F4}"
EndProject
Global
	GlobalSection(SolutionConfigurationPlatforms) = preSolution
		Debug|Any CPU = Debug|Any CPU
		Release|Any CPU = Release|Any CPU
	EndGlobalSection
	GlobalSection(ProjectConfigurationPlatforms) = postSolution
		{F0F4D5CD-7167-49B2-B86E-D8C1361629F4}.Debug|Any CPU.ActiveCfg = Debug|Any CPU
		{F0F4D5CD-7167-49B2-B86E-D8C1361629F4}.Debug|Any CPU.Build.0 = Debug|Any CPU
		{F0F4D5CD-7167-49B2-B86E-D8C1361629F4}.Release|Any CPU.ActiveCfg = Release|Any CPU
		{F0F4D5CD-7167-49B2-B86E-D8C1361629F4}.Release|Any CPU.Build.0 = Release|Any CPU
	EndGlobalSection
	GlobalSection(SolutionProperties) = preSolution
		HideSolutionNode = FALSE
	EndGlobalSection
	GlobalSection(ExtensibilityGlobals) = postSolution
		SolutionGuid = {390EF7C3-444C-4F8C-8F8F-F08D4D18E7E8}
	EndGlobalSection
EndGlobal
