
Microsoft Visual Studio Solution File, Format Version 12.00
# Visual Studio Version 16
VisualStudioVersion = 16.0.30104.148
MinimumVisualStudioVersion = 10.0.40219.1
Project("{FAE04EC0-301F-11D3-BF4B-00C04F79EFBC}") = "Class-Object1", "Class-Object1.csproj", "{165FA40B-3FB1-4AF3-A546-CBC0D84169EA}"
EndProject
Global
	GlobalSection(SolutionConfigurationPlatforms) = preSolution
		Debug|Any CPU = Debug|Any CPU
		Release|Any CPU = Release|Any CPU
	EndGlobalSection
	GlobalSection(ProjectConfigurationPlatforms) = postSolution
		{165FA40B-3FB1-4AF3-A546-CBC0D84169EA}.Debug|Any CPU.ActiveCfg = Debug|Any CPU
		{165FA40B-3FB1-4AF3-A546-CBC0D84169EA}.Debug|Any CPU.Build.0 = Debug|Any CPU
		{165FA40B-3FB1-4AF3-A546-CBC0D84169EA}.Release|Any CPU.ActiveCfg = Release|Any CPU
		{165FA40B-3FB1-4AF3-A546-CBC0D84169EA}.Release|Any CPU.Build.0 = Release|Any CPU
	EndGlobalSection
	GlobalSection(SolutionProperties) = preSolution
		HideSolutionNode = FALSE
	EndGlobalSection
	GlobalSection(ExtensibilityGlobals) = postSolution
		SolutionGuid = {D8426579-AE7E-461C-A0D8-EDB1D57008F4}
	EndGlobalSection
EndGlobal
