
Microsoft Visual Studio Solution File, Format Version 12.00
# Visual Studio Version 16
VisualStudioVersion = 16.0.30104.148
MinimumVisualStudioVersion = 10.0.40219.1
Project("{FAE04EC0-301F-11D3-BF4B-00C04F79EFBC}") = "Helloworld", "Helloworld.csproj", "{339551DF-E3A3-4166-B01B-8EC166B771F5}"
EndProject
Global
	GlobalSection(SolutionConfigurationPlatforms) = preSolution
		Debug|Any CPU = Debug|Any CPU
		Release|Any CPU = Release|Any CPU
	EndGlobalSection
	GlobalSection(ProjectConfigurationPlatforms) = postSolution
		{339551DF-E3A3-4166-B01B-8EC166B771F5}.Debug|Any CPU.ActiveCfg = Debug|Any CPU
		{339551DF-E3A3-4166-B01B-8EC166B771F5}.Debug|Any CPU.Build.0 = Debug|Any CPU
		{339551DF-E3A3-4166-B01B-8EC166B771F5}.Release|Any CPU.ActiveCfg = Release|Any CPU
		{339551DF-E3A3-4166-B01B-8EC166B771F5}.Release|Any CPU.Build.0 = Release|Any CPU
	EndGlobalSection
	GlobalSection(SolutionProperties) = preSolution
		HideSolutionNode = FALSE
	EndGlobalSection
	GlobalSection(ExtensibilityGlobals) = postSolution
		SolutionGuid = {3C8A2F42-1055-4FF2-98EF-D1B4E43F6C04}
	EndGlobalSection
EndGlobal
