
Microsoft Visual Studio Solution File, Format Version 12.00
# Visual Studio Version 16
VisualStudioVersion = 16.0.30002.166
MinimumVisualStudioVersion = 10.0.40219.1
Project("{FAE04EC0-301F-11D3-BF4B-00C04F79EFBC}") = "HelloWorld", "HelloWorld\HelloWorld.csproj", "{0AD21EF8-A2BF-48B2-85EF-4A260D450119}"
EndProject
Global
	GlobalSection(SolutionConfigurationPlatforms) = preSolution
		Debug|Any CPU = Debug|Any CPU
		Release|Any CPU = Release|Any CPU
	EndGlobalSection
	GlobalSection(ProjectConfigurationPlatforms) = postSolution
		{0AD21EF8-A2BF-48B2-85EF-4A260D450119}.Debug|Any CPU.ActiveCfg = Debug|Any CPU
		{0AD21EF8-A2BF-48B2-85EF-4A260D450119}.Debug|Any CPU.Build.0 = Debug|Any CPU
		{0AD21EF8-A2BF-48B2-85EF-4A260D450119}.Release|Any CPU.ActiveCfg = Release|Any CPU
		{0AD21EF8-A2BF-48B2-85EF-4A260D450119}.Release|Any CPU.Build.0 = Release|Any CPU
	EndGlobalSection
	GlobalSection(SolutionProperties) = preSolution
		HideSolutionNode = FALSE
	EndGlobalSection
	GlobalSection(ExtensibilityGlobals) = postSolution
		SolutionGuid = {CD65CBB8-EE64-44E6-9182-462F350129B1}
	EndGlobalSection
EndGlobal
