
Microsoft Visual Studio Solution File, Format Version 12.00
# Visual Studio Version 16
VisualStudioVersion = 16.0.30104.148
MinimumVisualStudioVersion = 10.0.40219.1
Project("{FAE04EC0-301F-11D3-BF4B-00C04F79EFBC}") = "TimeSpanCalculation", "TimeSpanCalculation.csproj", "{749FECAC-45D3-4A06-9188-081094435030}"
EndProject
Global
	GlobalSection(SolutionConfigurationPlatforms) = preSolution
		Debug|Any CPU = Debug|Any CPU
		Release|Any CPU = Release|Any CPU
	EndGlobalSection
	GlobalSection(ProjectConfigurationPlatforms) = postSolution
		{749FECAC-45D3-4A06-9188-081094435030}.Debug|Any CPU.ActiveCfg = Debug|Any CPU
		{749FECAC-45D3-4A06-9188-081094435030}.Debug|Any CPU.Build.0 = Debug|Any CPU
		{749FECAC-45D3-4A06-9188-081094435030}.Release|Any CPU.ActiveCfg = Release|Any CPU
		{749FECAC-45D3-4A06-9188-081094435030}.Release|Any CPU.Build.0 = Release|Any CPU
	EndGlobalSection
	GlobalSection(SolutionProperties) = preSolution
		HideSolutionNode = FALSE
	EndGlobalSection
	GlobalSection(ExtensibilityGlobals) = postSolution
		SolutionGuid = {693A97C6-9222-4B3B-B3EF-C468225A9EC7}
	EndGlobalSection
EndGlobal
