
Microsoft Visual Studio Solution File, Format Version 12.00
# Visual Studio Version 16
VisualStudioVersion = 16.0.30104.148
MinimumVisualStudioVersion = 10.0.40219.1
Project("{FAE04EC0-301F-11D3-BF4B-00C04F79EFBC}") = "Conditional-Statements", "Conditional-Statements.csproj", "{0D3AFC06-820F-479C-B202-D8B0FC4EE788}"
EndProject
Global
	GlobalSection(SolutionConfigurationPlatforms) = preSolution
		Debug|Any CPU = Debug|Any CPU
		Release|Any CPU = Release|Any CPU
	EndGlobalSection
	GlobalSection(ProjectConfigurationPlatforms) = postSolution
		{0D3AFC06-820F-479C-B202-D8B0FC4EE788}.Debug|Any CPU.ActiveCfg = Debug|Any CPU
		{0D3AFC06-820F-479C-B202-D8B0FC4EE788}.Debug|Any CPU.Build.0 = Debug|Any CPU
		{0D3AFC06-820F-479C-B202-D8B0FC4EE788}.Release|Any CPU.ActiveCfg = Release|Any CPU
		{0D3AFC06-820F-479C-B202-D8B0FC4EE788}.Release|Any CPU.Build.0 = Release|Any CPU
	EndGlobalSection
	GlobalSection(SolutionProperties) = preSolution
		HideSolutionNode = FALSE
	EndGlobalSection
	GlobalSection(ExtensibilityGlobals) = postSolution
		SolutionGuid = {C543F2AA-9B9A-471B-A02E-E90C9EBDD812}
	EndGlobalSection
EndGlobal
