
Microsoft Visual Studio Solution File, Format Version 12.00
# Visual Studio Version 16
VisualStudioVersion = 16.0.30002.166
MinimumVisualStudioVersion = 10.0.40219.1
Project("{FAE04EC0-301F-11D3-BF4B-00C04F79EFBC}") = "Mod4Ex1", "Mod4Ex1\Mod4Ex1.csproj", "{2036C8D8-11B5-49F9-B2A5-CF30219DFB8E}"
EndProject
Global
	GlobalSection(SolutionConfigurationPlatforms) = preSolution
		Debug|Any CPU = Debug|Any CPU
		Release|Any CPU = Release|Any CPU
	EndGlobalSection
	GlobalSection(ProjectConfigurationPlatforms) = postSolution
		{2036C8D8-11B5-49F9-B2A5-CF30219DFB8E}.Debug|Any CPU.ActiveCfg = Debug|Any CPU
		{2036C8D8-11B5-49F9-B2A5-CF30219DFB8E}.Debug|Any CPU.Build.0 = Debug|Any CPU
		{2036C8D8-11B5-49F9-B2A5-CF30219DFB8E}.Release|Any CPU.ActiveCfg = Release|Any CPU
		{2036C8D8-11B5-49F9-B2A5-CF30219DFB8E}.Release|Any CPU.Build.0 = Release|Any CPU
	EndGlobalSection
	GlobalSection(SolutionProperties) = preSolution
		HideSolutionNode = FALSE
	EndGlobalSection
	GlobalSection(ExtensibilityGlobals) = postSolution
		SolutionGuid = {A77BBA46-5F6B-4688-AD4C-5C7B146BD0B0}
	EndGlobalSection
EndGlobal
