
Microsoft Visual Studio Solution File, Format Version 12.00
# Visual Studio Version 16
VisualStudioVersion = 16.0.30104.148
MinimumVisualStudioVersion = 10.0.40219.1
Project("{FAE04EC0-301F-11D3-BF4B-00C04F79EFBC}") = "CompareString", "CompareString\CompareString.csproj", "{CF1AD964-4DFB-4058-9B4F-639DCB9FC8D1}"
EndProject
Global
	GlobalSection(SolutionConfigurationPlatforms) = preSolution
		Debug|Any CPU = Debug|Any CPU
		Release|Any CPU = Release|Any CPU
	EndGlobalSection
	GlobalSection(ProjectConfigurationPlatforms) = postSolution
		{CF1AD964-4DFB-4058-9B4F-639DCB9FC8D1}.Debug|Any CPU.ActiveCfg = Debug|Any CPU
		{CF1AD964-4DFB-4058-9B4F-639DCB9FC8D1}.Debug|Any CPU.Build.0 = Debug|Any CPU
		{CF1AD964-4DFB-4058-9B4F-639DCB9FC8D1}.Release|Any CPU.ActiveCfg = Release|Any CPU
		{CF1AD964-4DFB-4058-9B4F-639DCB9FC8D1}.Release|Any CPU.Build.0 = Release|Any CPU
	EndGlobalSection
	GlobalSection(SolutionProperties) = preSolution
		HideSolutionNode = FALSE
	EndGlobalSection
	GlobalSection(ExtensibilityGlobals) = postSolution
		SolutionGuid = {90AE9F72-6EA8-49E5-9E32-7E5EEA62241A}
	EndGlobalSection
EndGlobal
