
Microsoft Visual Studio Solution File, Format Version 12.00
# Visual Studio Version 16
VisualStudioVersion = 16.0.30002.166
MinimumVisualStudioVersion = 10.0.40219.1
Project("{FAE04EC0-301F-11D3-BF4B-00C04F79EFBC}") = "While-Loop", "While-Loop.csproj", "{C9EC813A-0ABA-4B35-9F49-FE62F30ABA2B}"
EndProject
Global
	GlobalSection(SolutionConfigurationPlatforms) = preSolution
		Debug|Any CPU = Debug|Any CPU
		Release|Any CPU = Release|Any CPU
	EndGlobalSection
	GlobalSection(ProjectConfigurationPlatforms) = postSolution
		{C9EC813A-0ABA-4B35-9F49-FE62F30ABA2B}.Debug|Any CPU.ActiveCfg = Debug|Any CPU
		{C9EC813A-0ABA-4B35-9F49-FE62F30ABA2B}.Debug|Any CPU.Build.0 = Debug|Any CPU
		{C9EC813A-0ABA-4B35-9F49-FE62F30ABA2B}.Release|Any CPU.ActiveCfg = Release|Any CPU
		{C9EC813A-0ABA-4B35-9F49-FE62F30ABA2B}.Release|Any CPU.Build.0 = Release|Any CPU
	EndGlobalSection
	GlobalSection(SolutionProperties) = preSolution
		HideSolutionNode = FALSE
	EndGlobalSection
	GlobalSection(ExtensibilityGlobals) = postSolution
		SolutionGuid = {5D112321-C9CC-4A9B-9EB5-A67DB7F2582C}
	EndGlobalSection
EndGlobal
