
Microsoft Visual Studio Solution File, Format Version 12.00
# Visual Studio 15
Project("{FAE04EC0-301F-11D3-BF4B-00C04F79EFBC}") = "HelloWorld", "HelloWorld\HelloWorld.csproj", "{327DAF42-423F-4184-88A5-C1A66CD27A10}"
EndProject
Global
	GlobalSection(SolutionConfigurationPlatforms) = preSolution
		Debug|Any CPU = Debug|Any CPU
		Release|Any CPU = Release|Any CPU
	EndGlobalSection
	GlobalSection(ProjectConfigurationPlatforms) = postSolution
		{327DAF42-423F-4184-88A5-C1A66CD27A10}.Debug|Any CPU.ActiveCfg = Debug|Any CPU
		{327DAF42-423F-4184-88A5-C1A66CD27A10}.Debug|Any CPU.Build.0 = Debug|Any CPU
		{327DAF42-423F-4184-88A5-C1A66CD27A10}.Release|Any CPU.ActiveCfg = Release|Any CPU
		{327DAF42-423F-4184-88A5-C1A66CD27A10}.Release|Any CPU.Build.0 = Release|Any CPU
	EndGlobalSection
EndGlobal
