
Microsoft Visual Studio Solution File, Format Version 12.00
# Visual Studio Version 16
VisualStudioVersion = 16.0.30104.148
MinimumVisualStudioVersion = 10.0.40219.1
Project("{FAE04EC0-301F-11D3-BF4B-00C04F79EFBC}") = "Inheritance", "Inheritance.csproj", "{7D3FA072-F543-4587-A827-A29C3E6A2F76}"
EndProject
Global
	GlobalSection(SolutionConfigurationPlatforms) = preSolution
		Debug|Any CPU = Debug|Any CPU
		Release|Any CPU = Release|Any CPU
	EndGlobalSection
	GlobalSection(ProjectConfigurationPlatforms) = postSolution
		{7D3FA072-F543-4587-A827-A29C3E6A2F76}.Debug|Any CPU.ActiveCfg = Debug|Any CPU
		{7D3FA072-F543-4587-A827-A29C3E6A2F76}.Debug|Any CPU.Build.0 = Debug|Any CPU
		{7D3FA072-F543-4587-A827-A29C3E6A2F76}.Release|Any CPU.ActiveCfg = Release|Any CPU
		{7D3FA072-F543-4587-A827-A29C3E6A2F76}.Release|Any CPU.Build.0 = Release|Any CPU
	EndGlobalSection
	GlobalSection(SolutionProperties) = preSolution
		HideSolutionNode = FALSE
	EndGlobalSection
	GlobalSection(ExtensibilityGlobals) = postSolution
		SolutionGuid = {3F88F7F1-4913-49A5-B497-999405EFF0F1}
	EndGlobalSection
EndGlobal
