
Microsoft Visual Studio Solution File, Format Version 12.00
# Visual Studio Version 16
VisualStudioVersion = 16.0.30002.166
MinimumVisualStudioVersion = 10.0.40219.1
Project("{FAE04EC0-301F-11D3-BF4B-00C04F79EFBC}") = "Date-Time", "Date-Time.csproj", "{444A0F48-01A2-4BD9-BF23-AD28B3E54D0C}"
EndProject
Global
	GlobalSection(SolutionConfigurationPlatforms) = preSolution
		Debug|Any CPU = Debug|Any CPU
		Release|Any CPU = Release|Any CPU
	EndGlobalSection
	GlobalSection(ProjectConfigurationPlatforms) = postSolution
		{444A0F48-01A2-4BD9-BF23-AD28B3E54D0C}.Debug|Any CPU.ActiveCfg = Debug|Any CPU
		{444A0F48-01A2-4BD9-BF23-AD28B3E54D0C}.Debug|Any CPU.Build.0 = Debug|Any CPU
		{444A0F48-01A2-4BD9-BF23-AD28B3E54D0C}.Release|Any CPU.ActiveCfg = Release|Any CPU
		{444A0F48-01A2-4BD9-BF23-AD28B3E54D0C}.Release|Any CPU.Build.0 = Release|Any CPU
	EndGlobalSection
	GlobalSection(SolutionProperties) = preSolution
		HideSolutionNode = FALSE
	EndGlobalSection
	GlobalSection(ExtensibilityGlobals) = postSolution
		SolutionGuid = {BEA0DC46-70DA-4500-8EE6-AF0FA89581B2}
	EndGlobalSection
EndGlobal
