
Microsoft Visual Studio Solution File, Format Version 12.00
# Visual Studio Version 16
VisualStudioVersion = 16.0.30002.166
MinimumVisualStudioVersion = 10.0.40219.1
Project("{FAE04EC0-301F-11D3-BF4B-00C04F79EFBC}") = "NumOut", "NumOut\NumOut.csproj", "{6261BCE0-8BD7-4E8B-8BAF-889ADFFD4FE5}"
EndProject
Global
	GlobalSection(SolutionConfigurationPlatforms) = preSolution
		Debug|Any CPU = Debug|Any CPU
		Release|Any CPU = Release|Any CPU
	EndGlobalSection
	GlobalSection(ProjectConfigurationPlatforms) = postSolution
		{6261BCE0-8BD7-4E8B-8BAF-889ADFFD4FE5}.Debug|Any CPU.ActiveCfg = Debug|Any CPU
		{6261BCE0-8BD7-4E8B-8BAF-889ADFFD4FE5}.Debug|Any CPU.Build.0 = Debug|Any CPU
		{6261BCE0-8BD7-4E8B-8BAF-889ADFFD4FE5}.Release|Any CPU.ActiveCfg = Release|Any CPU
		{6261BCE0-8BD7-4E8B-8BAF-889ADFFD4FE5}.Release|Any CPU.Build.0 = Release|Any CPU
	EndGlobalSection
	GlobalSection(SolutionProperties) = preSolution
		HideSolutionNode = FALSE
	EndGlobalSection
	GlobalSection(ExtensibilityGlobals) = postSolution
		SolutionGuid = {52072DC8-9E2C-4144-AD85-96E30A6D8853}
	EndGlobalSection
EndGlobal
