
Microsoft Visual Studio Solution File, Format Version 12.00
# Visual Studio 2012
Project("{FAE04EC0-301F-11D3-BF4B-00C04F79EFBC}") = "Scopes", "Scopes\Scopes.csproj", "{EDFCFCDC-D5E7-4E16-90F8-0C990777727F}"
EndProject
Global
	GlobalSection(SolutionConfigurationPlatforms) = preSolution
		Debug|Any CPU = Debug|Any CPU
		Release|Any CPU = Release|Any CPU
	EndGlobalSection
	GlobalSection(ProjectConfigurationPlatforms) = postSolution
		{EDFCFCDC-D5E7-4E16-90F8-0C990777727F}.Debug|Any CPU.ActiveCfg = Debug|Any CPU
		{EDFCFCDC-D5E7-4E16-90F8-0C990777727F}.Debug|Any CPU.Build.0 = Debug|Any CPU
		{EDFCFCDC-D5E7-4E16-90F8-0C990777727F}.Release|Any CPU.ActiveCfg = Release|Any CPU
		{EDFCFCDC-D5E7-4E16-90F8-0C990777727F}.Release|Any CPU.Build.0 = Release|Any CPU
	EndGlobalSection
EndGlobal
