
Microsoft Visual Studio Solution File, Format Version 12.00
# Visual Studio Version 16
VisualStudioVersion = 16.0.30104.148
MinimumVisualStudioVersion = 10.0.40219.1
Project("{FAE04EC0-301F-11D3-BF4B-00C04F79EFBC}") = "TimeSpan1", "TimeSpan1.csproj", "{F09CA1B2-E336-4B14-884A-2DFCAD004F7B}"
EndProject
Global
	GlobalSection(SolutionConfigurationPlatforms) = preSolution
		Debug|Any CPU = Debug|Any CPU
		Release|Any CPU = Release|Any CPU
	EndGlobalSection
	GlobalSection(ProjectConfigurationPlatforms) = postSolution
		{F09CA1B2-E336-4B14-884A-2DFCAD004F7B}.Debug|Any CPU.ActiveCfg = Debug|Any CPU
		{F09CA1B2-E336-4B14-884A-2DFCAD004F7B}.Debug|Any CPU.Build.0 = Debug|Any CPU
		{F09CA1B2-E336-4B14-884A-2DFCAD004F7B}.Release|Any CPU.ActiveCfg = Release|Any CPU
		{F09CA1B2-E336-4B14-884A-2DFCAD004F7B}.Release|Any CPU.Build.0 = Release|Any CPU
	EndGlobalSection
	GlobalSection(SolutionProperties) = preSolution
		HideSolutionNode = FALSE
	EndGlobalSection
	GlobalSection(ExtensibilityGlobals) = postSolution
		SolutionGuid = {6CF62BED-EC04-4810-B182-CF538AAA11FF}
	EndGlobalSection
EndGlobal
