
Microsoft Visual Studio Solution File, Format Version 12.00
# Visual Studio Version 16
VisualStudioVersion = 16.0.30104.148
MinimumVisualStudioVersion = 10.0.40219.1
Project("{FAE04EC0-301F-11D3-BF4B-00C04F79EFBC}") = "warnLevel1", "warnLevel1.csproj", "{344B2736-41A8-442D-B3CD-B1C075BEEEBA}"
EndProject
Global
	GlobalSection(SolutionConfigurationPlatforms) = preSolution
		Debug|Any CPU = Debug|Any CPU
		Release|Any CPU = Release|Any CPU
	EndGlobalSection
	GlobalSection(ProjectConfigurationPlatforms) = postSolution
		{344B2736-41A8-442D-B3CD-B1C075BEEEBA}.Debug|Any CPU.ActiveCfg = Debug|Any CPU
		{344B2736-41A8-442D-B3CD-B1C075BEEEBA}.Debug|Any CPU.Build.0 = Debug|Any CPU
		{344B2736-41A8-442D-B3CD-B1C075BEEEBA}.Release|Any CPU.ActiveCfg = Release|Any CPU
		{344B2736-41A8-442D-B3CD-B1C075BEEEBA}.Release|Any CPU.Build.0 = Release|Any CPU
	EndGlobalSection
	GlobalSection(SolutionProperties) = preSolution
		HideSolutionNode = FALSE
	EndGlobalSection
	GlobalSection(ExtensibilityGlobals) = postSolution
		SolutionGuid = {C0EF5360-4CD1-47E8-82B8-3F6A5B7B80C5}
	EndGlobalSection
EndGlobal
