
Microsoft Visual Studio Solution File, Format Version 12.00
# Visual Studio Version 16
VisualStudioVersion = 16.0.30002.166
MinimumVisualStudioVersion = 10.0.40219.1
Project("{FAE04EC0-301F-11D3-BF4B-00C04F79EFBC}") = "2DArrays", "2DArrays\2DArrays.csproj", "{9B0497AB-DA01-4A7B-9343-064EC3C0FAE6}"
EndProject
Global
	GlobalSection(SolutionConfigurationPlatforms) = preSolution
		Debug|Any CPU = Debug|Any CPU
		Release|Any CPU = Release|Any CPU
	EndGlobalSection
	GlobalSection(ProjectConfigurationPlatforms) = postSolution
		{9B0497AB-DA01-4A7B-9343-064EC3C0FAE6}.Debug|Any CPU.ActiveCfg = Debug|Any CPU
		{9B0497AB-DA01-4A7B-9343-064EC3C0FAE6}.Debug|Any CPU.Build.0 = Debug|Any CPU
		{9B0497AB-DA01-4A7B-9343-064EC3C0FAE6}.Release|Any CPU.ActiveCfg = Release|Any CPU
		{9B0497AB-DA01-4A7B-9343-064EC3C0FAE6}.Release|Any CPU.Build.0 = Release|Any CPU
	EndGlobalSection
	GlobalSection(SolutionProperties) = preSolution
		HideSolutionNode = FALSE
	EndGlobalSection
	GlobalSection(ExtensibilityGlobals) = postSolution
		SolutionGuid = {5C2242EB-8D0A-4482-8204-A17799B1125C}
	EndGlobalSection
EndGlobal
