
Microsoft Visual Studio Solution File, Format Version 12.00
# Visual Studio Version 16
VisualStudioVersion = 16.0.30104.148
MinimumVisualStudioVersion = 10.0.40219.1
Project("{FAE04EC0-301F-11D3-BF4B-00C04F79EFBC}") = "GenericType", "GenericType\GenericType.csproj", "{6365C7E5-37B9-4C6D-BF98-897A96353390}"
EndProject
Global
	GlobalSection(SolutionConfigurationPlatforms) = preSolution
		Debug|Any CPU = Debug|Any CPU
		Release|Any CPU = Release|Any CPU
	EndGlobalSection
	GlobalSection(ProjectConfigurationPlatforms) = postSolution
		{6365C7E5-37B9-4C6D-BF98-897A96353390}.Debug|Any CPU.ActiveCfg = Debug|Any CPU
		{6365C7E5-37B9-4C6D-BF98-897A96353390}.Debug|Any CPU.Build.0 = Debug|Any CPU
		{6365C7E5-37B9-4C6D-BF98-897A96353390}.Release|Any CPU.ActiveCfg = Release|Any CPU
		{6365C7E5-37B9-4C6D-BF98-897A96353390}.Release|Any CPU.Build.0 = Release|Any CPU
	EndGlobalSection
	GlobalSection(SolutionProperties) = preSolution
		HideSolutionNode = FALSE
	EndGlobalSection
	GlobalSection(ExtensibilityGlobals) = postSolution
		SolutionGuid = {4EA3C012-1799-4E34-AF8E-29B16F77CCFC}
	EndGlobalSection
EndGlobal
