
Microsoft Visual Studio Solution File, Format Version 12.00
# Visual Studio Version 16
VisualStudioVersion = 16.0.30104.148
MinimumVisualStudioVersion = 10.0.40219.1
Project("{FAE04EC0-301F-11D3-BF4B-00C04F79EFBC}") = "OOP- Inheritance", "OOP- Inheritance\OOP- Inheritance.csproj", "{3B5059F8-9C1A-4A0F-A956-F7135C498C17}"
EndProject
Global
	GlobalSection(SolutionConfigurationPlatforms) = preSolution
		Debug|Any CPU = Debug|Any CPU
		Release|Any CPU = Release|Any CPU
	EndGlobalSection
	GlobalSection(ProjectConfigurationPlatforms) = postSolution
		{3B5059F8-9C1A-4A0F-A956-F7135C498C17}.Debug|Any CPU.ActiveCfg = Debug|Any CPU
		{3B5059F8-9C1A-4A0F-A956-F7135C498C17}.Debug|Any CPU.Build.0 = Debug|Any CPU
		{3B5059F8-9C1A-4A0F-A956-F7135C498C17}.Release|Any CPU.ActiveCfg = Release|Any CPU
		{3B5059F8-9C1A-4A0F-A956-F7135C498C17}.Release|Any CPU.Build.0 = Release|Any CPU
	EndGlobalSection
	GlobalSection(SolutionProperties) = preSolution
		HideSolutionNode = FALSE
	EndGlobalSection
	GlobalSection(ExtensibilityGlobals) = postSolution
		SolutionGuid = {F0A32968-86E7-41CB-BC24-BE040E9E8C05}
	EndGlobalSection
EndGlobal
