
Microsoft Visual Studio Solution File, Format Version 12.00
# Visual Studio Version 16
VisualStudioVersion = 16.0.30002.166
MinimumVisualStudioVersion = 10.0.40219.1
Project("{FAE04EC0-301F-11D3-BF4B-00C04F79EFBC}") = "MethodCalls", "MethodCalls\MethodCalls.csproj", "{965996CC-3042-4B4E-AA25-8F86BF69D581}"
EndProject
Global
	GlobalSection(SolutionConfigurationPlatforms) = preSolution
		Debug|Any CPU = Debug|Any CPU
		Release|Any CPU = Release|Any CPU
	EndGlobalSection
	GlobalSection(ProjectConfigurationPlatforms) = postSolution
		{965996CC-3042-4B4E-AA25-8F86BF69D581}.Debug|Any CPU.ActiveCfg = Debug|Any CPU
		{965996CC-3042-4B4E-AA25-8F86BF69D581}.Debug|Any CPU.Build.0 = Debug|Any CPU
		{965996CC-3042-4B4E-AA25-8F86BF69D581}.Release|Any CPU.ActiveCfg = Release|Any CPU
		{965996CC-3042-4B4E-AA25-8F86BF69D581}.Release|Any CPU.Build.0 = Release|Any CPU
	EndGlobalSection
	GlobalSection(SolutionProperties) = preSolution
		HideSolutionNode = FALSE
	EndGlobalSection
	GlobalSection(ExtensibilityGlobals) = postSolution
		SolutionGuid = {A472D911-70E9-4BE2-AFF9-13E045158B2C}
	EndGlobalSection
EndGlobal
