
Microsoft Visual Studio Solution File, Format Version 12.00
# Visual Studio Version 16
VisualStudioVersion = 16.0.30104.148
MinimumVisualStudioVersion = 10.0.40219.1
Project("{FAE04EC0-301F-11D3-BF4B-00C04F79EFBC}") = "Swap", "Swap.csproj", "{B559E191-80EC-4B29-A927-7E5A3E6F4214}"
EndProject
Global
	GlobalSection(SolutionConfigurationPlatforms) = preSolution
		Debug|Any CPU = Debug|Any CPU
		Release|Any CPU = Release|Any CPU
	EndGlobalSection
	GlobalSection(ProjectConfigurationPlatforms) = postSolution
		{B559E191-80EC-4B29-A927-7E5A3E6F4214}.Debug|Any CPU.ActiveCfg = Debug|Any CPU
		{B559E191-80EC-4B29-A927-7E5A3E6F4214}.Debug|Any CPU.Build.0 = Debug|Any CPU
		{B559E191-80EC-4B29-A927-7E5A3E6F4214}.Release|Any CPU.ActiveCfg = Release|Any CPU
		{B559E191-80EC-4B29-A927-7E5A3E6F4214}.Release|Any CPU.Build.0 = Release|Any CPU
	EndGlobalSection
	GlobalSection(SolutionProperties) = preSolution
		HideSolutionNode = FALSE
	EndGlobalSection
	GlobalSection(ExtensibilityGlobals) = postSolution
		SolutionGuid = {C97161F0-FBA0-4069-9A8E-EC983AF2A12D}
	EndGlobalSection
EndGlobal
