
Microsoft Visual Studio Solution File, Format Version 12.00
# Visual Studio Version 16
VisualStudioVersion = 16.0.30104.148
MinimumVisualStudioVersion = 10.0.40219.1
Project("{FAE04EC0-301F-11D3-BF4B-00C04F79EFBC}") = "TimeSpan2", "TimeSpan2\TimeSpan2.csproj", "{75CC25A2-C029-4A63-994D-64534641185D}"
EndProject
Global
	GlobalSection(SolutionConfigurationPlatforms) = preSolution
		Debug|Any CPU = Debug|Any CPU
		Release|Any CPU = Release|Any CPU
	EndGlobalSection
	GlobalSection(ProjectConfigurationPlatforms) = postSolution
		{75CC25A2-C029-4A63-994D-64534641185D}.Debug|Any CPU.ActiveCfg = Debug|Any CPU
		{75CC25A2-C029-4A63-994D-64534641185D}.Debug|Any CPU.Build.0 = Debug|Any CPU
		{75CC25A2-C029-4A63-994D-64534641185D}.Release|Any CPU.ActiveCfg = Release|Any CPU
		{75CC25A2-C029-4A63-994D-64534641185D}.Release|Any CPU.Build.0 = Release|Any CPU
	EndGlobalSection
	GlobalSection(SolutionProperties) = preSolution
		HideSolutionNode = FALSE
	EndGlobalSection
	GlobalSection(ExtensibilityGlobals) = postSolution
		SolutionGuid = {54E4F0C3-1F16-48F8-9F8E-26BCAAFFE25F}
	EndGlobalSection
EndGlobal
