
Microsoft Visual Studio Solution File, Format Version 12.00
# Visual Studio Version 16
VisualStudioVersion = 16.0.30104.148
MinimumVisualStudioVersion = 10.0.40219.1
Project("{FAE04EC0-301F-11D3-BF4B-00C04F79EFBC}") = "NumOut", "NumOut.csproj", "{05C50776-5718-4780-979B-BB513E8EE06B}"
EndProject
Global
	GlobalSection(SolutionConfigurationPlatforms) = preSolution
		Debug|Any CPU = Debug|Any CPU
		Release|Any CPU = Release|Any CPU
	EndGlobalSection
	GlobalSection(ProjectConfigurationPlatforms) = postSolution
		{05C50776-5718-4780-979B-BB513E8EE06B}.Debug|Any CPU.ActiveCfg = Debug|Any CPU
		{05C50776-5718-4780-979B-BB513E8EE06B}.Debug|Any CPU.Build.0 = Debug|Any CPU
		{05C50776-5718-4780-979B-BB513E8EE06B}.Release|Any CPU.ActiveCfg = Release|Any CPU
		{05C50776-5718-4780-979B-BB513E8EE06B}.Release|Any CPU.Build.0 = Release|Any CPU
	EndGlobalSection
	GlobalSection(SolutionProperties) = preSolution
		HideSolutionNode = FALSE
	EndGlobalSection
	GlobalSection(ExtensibilityGlobals) = postSolution
		SolutionGuid = {AA916324-5EC8-4F7F-94FF-75B7352A59D6}
	EndGlobalSection
EndGlobal
