
Microsoft Visual Studio Solution File, Format Version 12.00
# Visual Studio Version 16
VisualStudioVersion = 16.0.30002.166
MinimumVisualStudioVersion = 10.0.40219.1
Project("{9A19103F-16F7-4668-BE54-9A1E7A4F7556}") = "2DArrays", "2DArrays.csproj", "{81BB66EC-F854-4ABC-AF99-D103622FCF2A}"
EndProject
Global
	GlobalSection(SolutionConfigurationPlatforms) = preSolution
		Debug|Any CPU = Debug|Any CPU
		Release|Any CPU = Release|Any CPU
	EndGlobalSection
	GlobalSection(ProjectConfigurationPlatforms) = postSolution
		{81BB66EC-F854-4ABC-AF99-D103622FCF2A}.Debug|Any CPU.ActiveCfg = Debug|Any CPU
		{81BB66EC-F854-4ABC-AF99-D103622FCF2A}.Debug|Any CPU.Build.0 = Debug|Any CPU
		{81BB66EC-F854-4ABC-AF99-D103622FCF2A}.Release|Any CPU.ActiveCfg = Release|Any CPU
		{81BB66EC-F854-4ABC-AF99-D103622FCF2A}.Release|Any CPU.Build.0 = Release|Any CPU
	EndGlobalSection
	GlobalSection(SolutionProperties) = preSolution
		HideSolutionNode = FALSE
	EndGlobalSection
	GlobalSection(ExtensibilityGlobals) = postSolution
		SolutionGuid = {D1D4622E-6891-4486-826B-49A0B1BED79E}
	EndGlobalSection
EndGlobal
